
Microsoft Visual Studio Solution File, Format Version 12.00
# Visual Studio Version 17
VisualStudioVersion = 17.10.35027.167
MinimumVisualStudioVersion = 10.0.40219.1
Project("{FAE04EC0-301F-11D3-BF4B-00C04F79EFBC}") = "SfPopUpAnComboTest", "SfPopUpAnComboTest.csproj", "{07D18875-834A-43A8-A3AF-17B6DC49DFB6}"
EndProject
Global
	GlobalSection(SolutionConfigurationPlatforms) = preSolution
		Debug|Any CPU = Debug|Any CPU
		Release|Any CPU = Release|Any CPU
	EndGlobalSection
	GlobalSection(ProjectConfigurationPlatforms) = postSolution
		{07D18875-834A-43A8-A3AF-17B6DC49DFB6}.Debug|Any CPU.ActiveCfg = Debug|Any CPU
		{07D18875-834A-43A8-A3AF-17B6DC49DFB6}.Debug|Any CPU.Build.0 = Debug|Any CPU
		{07D18875-834A-43A8-A3AF-17B6DC49DFB6}.Debug|Any CPU.Deploy.0 = Debug|Any CPU
		{07D18875-834A-43A8-A3AF-17B6DC49DFB6}.Release|Any CPU.ActiveCfg = Release|Any CPU
		{07D18875-834A-43A8-A3AF-17B6DC49DFB6}.Release|Any CPU.Build.0 = Release|Any CPU
		{07D18875-834A-43A8-A3AF-17B6DC49DFB6}.Release|Any CPU.Deploy.0 = Release|Any CPU
	EndGlobalSection
	GlobalSection(SolutionProperties) = preSolution
		HideSolutionNode = FALSE
	EndGlobalSection
	GlobalSection(ExtensibilityGlobals) = postSolution
		SolutionGuid = {C02D6802-5DF0-4832-A615-500A24FF4C87}
	EndGlobalSection
EndGlobal
